
Microsoft Visual Studio Solution File, Format Version 12.00
# Visual Studio Version 17
VisualStudioVersion = 17.3.32922.545
MinimumVisualStudioVersion = 10.0.40219.1
Project("{9A19103F-16F7-4668-BE54-9A1E7A4F7556}") = "MascotaFeliz.App.Frontend", "MascotaFeliz.App.Frontend.csproj", "{EA23110A-A11D-4258-86A4-9C014F7D56D4}"
EndProject
Global
	GlobalSection(SolutionConfigurationPlatforms) = preSolution
		Debug|Any CPU = Debug|Any CPU
		Release|Any CPU = Release|Any CPU
	EndGlobalSection
	GlobalSection(ProjectConfigurationPlatforms) = postSolution
		{EA23110A-A11D-4258-86A4-9C014F7D56D4}.Debug|Any CPU.ActiveCfg = Debug|Any CPU
		{EA23110A-A11D-4258-86A4-9C014F7D56D4}.Debug|Any CPU.Build.0 = Debug|Any CPU
		{EA23110A-A11D-4258-86A4-9C014F7D56D4}.Release|Any CPU.ActiveCfg = Release|Any CPU
		{EA23110A-A11D-4258-86A4-9C014F7D56D4}.Release|Any CPU.Build.0 = Release|Any CPU
	EndGlobalSection
	GlobalSection(SolutionProperties) = preSolution
		HideSolutionNode = FALSE
	EndGlobalSection
	GlobalSection(ExtensibilityGlobals) = postSolution
		SolutionGuid = {4D736218-BAFC-473F-A329-F334B5520FD0}
	EndGlobalSection
EndGlobal
